
Microsoft Visual Studio Solution File, Format Version 12.00
# Visual Studio Version 17
VisualStudioVersion = 17.4.33110.190
MinimumVisualStudioVersion = 10.0.40219.1
Project("{FAE04EC0-301F-11D3-BF4B-00C04F79EFBC}") = "AgileConfigNET6.Sample", "AgileConfigNET6.Sample\AgileConfigNET6.Sample.csproj", "{BC1C8C51-D10F-4601-B9EA-998F340E7605}"
EndProject
Global
	GlobalSection(SolutionConfigurationPlatforms) = preSolution
		Debug|Any CPU = Debug|Any CPU
		Release|Any CPU = Release|Any CPU
	EndGlobalSection
	GlobalSection(ProjectConfigurationPlatforms) = postSolution
		{BC1C8C51-D10F-4601-B9EA-998F340E7605}.Debug|Any CPU.ActiveCfg = Debug|Any CPU
		{BC1C8C51-D10F-4601-B9EA-998F340E7605}.Debug|Any CPU.Build.0 = Debug|Any CPU
		{BC1C8C51-D10F-4601-B9EA-998F340E7605}.Release|Any CPU.ActiveCfg = Release|Any CPU
		{BC1C8C51-D10F-4601-B9EA-998F340E7605}.Release|Any CPU.Build.0 = Release|Any CPU
	EndGlobalSection
	GlobalSection(SolutionProperties) = preSolution
		HideSolutionNode = FALSE
	EndGlobalSection
	GlobalSection(ExtensibilityGlobals) = postSolution
		SolutionGuid = {8D1D7AE8-B1F6-4B17-B799-16DDA48B2CC7}
	EndGlobalSection
EndGlobal
